PODS:
  - Flutter (1.0.0)
  - flutter_darwin_notification (0.0.1):
    - Flutter

DEPENDENCIES:
  - Flutter (from `Flutter`)
  - flutter_darwin_notification (from `.symlinks/plugins/flutter_darwin_notification/ios`)

EXTERNAL SOURCES:
  Flutter:
    :path: Flutter
  flutter_darwin_notification:
    :path: ".symlinks/plugins/flutter_darwin_notification/ios"

SPEC CHECKSUMS:
  Flutter: 0e3d915762c693b495b44d77113d4970485de6ec
  flutter_darwin_notification: e9da4cfe230c670bea40ab1e8f6003a21de7a218

PODFILE CHECKSUM: 3dbe063e9c90a5d7c9e4e76e70a821b9e2c1d271

COCOAPODS: 1.8.4
