PODS:
  - Flutter (1.0.0)
  - flutter_darwin_notification (0.0.1):
    - Flutter

DEPENDENCIES:
  - Flutter (from `.symlinks/flutter/ios`)
  - flutter_darwin_notification (from `.symlinks/plugins/flutter_darwin_notification/ios`)

EXTERNAL SOURCES:
  Flutter:
    :path: ".symlinks/flutter/ios"
  flutter_darwin_notification:
    :path: ".symlinks/plugins/flutter_darwin_notification/ios"

SPEC CHECKSUMS:
  Flutter: 0e3d915762c693b495b44d77113d4970485de6ec
  flutter_darwin_notification: e9da4cfe230c670bea40ab1e8f6003a21de7a218

PODFILE CHECKSUM: aff02bfeed411c636180d6812254b2daeea14d09

COCOAPODS: 1.8.4
